
Microsoft Visual Studio Solution File, Format Version 12.00
# Visual Studio Version 16
VisualStudioVersion = 16.0.33529.622
MinimumVisualStudioVersion = 10.0.40219.1
Project("{8BC9CEB8-8B4A-11D0-8D11-00A0C91BC942}") = "PhysicsEngine", "PhysicsEngine\PhysicsEngine.vcxproj", "{2EC3848E-ABBF-4832-B391-91D087CA6C1C}"
EndProject
Global
	GlobalSection(SolutionConfigurationPlatforms) = preSolution
		Debug|x64 = Debug|x64
		Debug|x86 = Debug|x86
		Release|x64 = Release|x64
		Release|x86 = Release|x86
	EndGlobalSection
	GlobalSection(ProjectConfigurationPlatforms) = postSolution
		{2EC3848E-ABBF-4832-B391-91D087CA6C1C}.Debug|x64.ActiveCfg = Debug|x64
		{2EC3848E-ABBF-4832-B391-91D087CA6C1C}.Debug|x64.Build.0 = Debug|x64
		{2EC3848E-ABBF-4832-B391-91D087CA6C1C}.Debug|x86.ActiveCfg = Debug|Win32
		{2EC3848E-ABBF-4832-B391-91D087CA6C1C}.Debug|x86.Build.0 = Debug|Win32
		{2EC3848E-ABBF-4832-B391-91D087CA6C1C}.Release|x64.ActiveCfg = Release|x64
		{2EC3848E-ABBF-4832-B391-91D087CA6C1C}.Release|x64.Build.0 = Release|x64
		{2EC3848E-ABBF-4832-B391-91D087CA6C1C}.Release|x86.ActiveCfg = Release|Win32
		{2EC3848E-ABBF-4832-B391-91D087CA6C1C}.Release|x86.Build.0 = Release|Win32
	EndGlobalSection
	GlobalSection(SolutionProperties) = preSolution
		HideSolutionNode = FALSE
	EndGlobalSection
	GlobalSection(ExtensibilityGlobals) = postSolution
		SolutionGuid = {1DB9F493-1FCC-4770-954B-A29DDC15D452}
	EndGlobalSection
EndGlobal
